
Microsoft Visual Studio Solution File, Format Version 12.00
# Visual Studio Version 16
VisualStudioVersion = 16.0.30804.86
MinimumVisualStudioVersion = 10.0.40219.1
Project("{9A19103F-16F7-4668-BE54-9A1E7A4F7556}") = "BonfireImportEF", "BonfireImportEF\BonfireImportEF.csproj", "{231C4B9C-8A6A-4A93-95DB-C415E21F3FC0}"
EndProject
Global
	GlobalSection(SolutionConfigurationPlatforms) = preSolution
		Debug|Any CPU = Debug|Any CPU
		Release|Any CPU = Release|Any CPU
	EndGlobalSection
	GlobalSection(ProjectConfigurationPlatforms) = postSolution
		{231C4B9C-8A6A-4A93-95DB-C415E21F3FC0}.Debug|Any CPU.ActiveCfg = Debug|Any CPU
		{231C4B9C-8A6A-4A93-95DB-C415E21F3FC0}.Debug|Any CPU.Build.0 = Debug|Any CPU
		{231C4B9C-8A6A-4A93-95DB-C415E21F3FC0}.Release|Any CPU.ActiveCfg = Release|Any CPU
		{231C4B9C-8A6A-4A93-95DB-C415E21F3FC0}.Release|Any CPU.Build.0 = Release|Any CPU
	EndGlobalSection
	GlobalSection(SolutionProperties) = preSolution
		HideSolutionNode = FALSE
	EndGlobalSection
	GlobalSection(ExtensibilityGlobals) = postSolution
		SolutionGuid = {46B2CEEC-B507-4672-B6E7-01645759B1D5}
	EndGlobalSection
	GlobalSection(TeamFoundationVersionControl) = preSolution
		SccNumberOfProjects = 2
		SccEnterpriseProvider = {4CA58AB2-18FA-4F8D-95D4-32DDF27D184C}
		SccTeamFoundationServer = http://cctfsv01:8080/tfs/defaultcollection
		SccLocalPath0 = .
		SccProjectUniqueName1 = BonfireImportEF\\BonfireImportEF.csproj
		SccProjectName1 = BonfireImportEF
		SccLocalPath1 = BonfireImportEF
	EndGlobalSection
EndGlobal
